{
  "nodes": {
    "flake-utils": {
      "locked": {
        "lastModified": 1610051610,
        "narHash": "sha256-U9rPz/usA1/Aohhk7Cmc2gBrEEKRzcW4nwPWMPwja4Y=",
        "owner": "numtide",
        "repo": "flake-utils",
        "rev": "3982c9903e93927c2164caa727cd3f6a0e6d14cc",
        "type": "github"
      },
      "original": {
        "owner": "numtide",
        "repo": "flake-utils",
        "type": "github"
      }
    },
    "flake-utils_2": {
      "locked": {
        "lastModified": 1609246779,
        "narHash": "sha256-eq6ZXE/VWo3EMC65jmIT6H/rrUc9UWOWVujkzav025k=",
        "owner": "numtide",
        "repo": "flake-utils",
        "rev": "08c7ad4a0844adc4a7f9f5bb3beae482e789afa4",
        "type": "github"
      },
      "original": {
        "owner": "numtide",
        "repo": "flake-utils",
        "type": "github"
      }
    },
    "gitignore": {
      "flake": false,
      "locked": {
        "lastModified": 1611672876,
        "narHash": "sha256-qHu3uZ/o9jBHiA3MEKHJ06k7w4heOhA+4HCSIvflRxo=",
        "owner": "hercules-ci",
        "repo": "gitignore.nix",
        "rev": "211907489e9f198594c0eb0ca9256a1949c9d412",
        "type": "github"
      },
      "original": {
        "owner": "hercules-ci",
        "repo": "gitignore.nix",
        "type": "github"
      }
    },
    "naersk": {
      "inputs": {
        "nixpkgs": "nixpkgs"
      },
      "locked": {
        "lastModified": 1612195065,
        "narHash": "sha256-CThSDaqDkkR85mgiYeOs1ntxwgiquADdEe7dRDAzDFk=",
        "owner": "leo60228",
        "repo": "naersk",
        "rev": "636d88e551dcb504989603049b33655b0fc72f56",
        "type": "github"
      },
      "original": {
        "owner": "leo60228",
        "ref": "fetchgit-submodules",
        "repo": "naersk",
        "type": "github"
      }
    },
    "nixpkgs": {
      "locked": {
        "lastModified": 1605721780,
        "narHash": "sha256-MhaNS4HGHcOCwW+HadSxustHTzD1LWznh584eYBvJ5Q=",
        "path": "/nix/store/5c45nyf2kwjq40lz4nfycwkhjwg21rhn-source",
        "rev": "58f9c4c7d3a42c912362ca68577162e38ea8edfb",
        "type": "path"
      },
      "original": {
        "id": "nixpkgs",
        "type": "indirect"
      }
    },
    "nixpkgs_2": {
      "locked": {
        "lastModified": 1605721780,
        "narHash": "sha256-MhaNS4HGHcOCwW+HadSxustHTzD1LWznh584eYBvJ5Q=",
        "path": "/nix/store/5c45nyf2kwjq40lz4nfycwkhjwg21rhn-source",
        "rev": "58f9c4c7d3a42c912362ca68577162e38ea8edfb",
        "type": "path"
      },
      "original": {
        "id": "nixpkgs",
        "type": "indirect"
      }
    },
    "nixpkgs_3": {
      "locked": {
        "lastModified": 1609079092,
        "narHash": "sha256-KhyKfxBHtZlAgudpZ0EJVzeuqROjKfVOwj8j0cuhU50=",
        "path": "/nix/store/5pmay8rdvgw5ml1xi6189xhdbygc850k-source",
        "rev": "2f47650c2f28d87f86ab807b8a339c684d91ec56",
        "type": "path"
      },
      "original": {
        "id": "nixpkgs",
        "type": "indirect"
      }
    },
    "root": {
      "inputs": {
        "flake-utils": "flake-utils",
        "gitignore": "gitignore",
        "naersk": "naersk",
        "nixpkgs": "nixpkgs_2",
        "rust-overlay": "rust-overlay"
      }
    },
    "rust-overlay": {
      "inputs": {
        "flake-utils": "flake-utils_2",
        "nixpkgs": "nixpkgs_3"
      },
      "locked": {
        "lastModified": 1612147138,
        "narHash": "sha256-MPboMbRzyGZtM745ov0i75vMKsVnXGf8RPvjmb5edP8=",
        "owner": "oxalica",
        "repo": "rust-overlay",
        "rev": "5d630d7043bbbc0688459fe0c09f3f8d7f500740",
        "type": "github"
      },
      "original": {
        "owner": "oxalica",
        "repo": "rust-overlay",
        "type": "github"
      }
    }
  },
  "root": "root",
  "version": 7
}
